{
  "lockfileVersion": 1,
  "configVersion": 1,
  "workspaces": {
    "": {
      "devDependencies": {
        "baseline-browser-mapping": "^2.9.15",
      },
    },
  },
  "packages": {
    "baseline-browser-mapping": ["baseline-browser-mapping@2.9.15", "", { "bin": { "baseline-browser-mapping": "dist/cli.js" } }, "sha512-kX8h7K2srmDyYnXRIppo4AH/wYgzWVCs+eKr3RusRSQ5PvRYoEFmR/I0PbdTjKFAoKqp5+kbxnNTFO9jOfSVJg=="],
  }
}
